Microsoft Visual Studio Solution File, Format Version 12.00
# Visual Studio Version 17
VisualStudioVersion = 17.5.2.0
MinimumVisualStudioVersion = 10.0.40219.1
Project("{FAE04EC0-301F-11D3-BF4B-00C04F79EFBC}") = "SinavSorusu21", "SinavSorusu21.csproj", "{5DF6368E-A7ED-071A-B79D-A7F7F9C6DAF2}"
EndProject
Global
	GlobalSection(SolutionConfigurationPlatforms) = preSolution
		Debug|Any CPU = Debug|Any CPU
		Release|Any CPU = Release|Any CPU
	EndGlobalSection
	GlobalSection(ProjectConfigurationPlatforms) = postSolution
		{5DF6368E-A7ED-071A-B79D-A7F7F9C6DAF2}.Debug|Any CPU.ActiveCfg = Debug|Any CPU
		{5DF6368E-A7ED-071A-B79D-A7F7F9C6DAF2}.Debug|Any CPU.Build.0 = Debug|Any CPU
		{5DF6368E-A7ED-071A-B79D-A7F7F9C6DAF2}.Release|Any CPU.ActiveCfg = Release|Any CPU
		{5DF6368E-A7ED-071A-B79D-A7F7F9C6DAF2}.Release|Any CPU.Build.0 = Release|Any CPU
	EndGlobalSection
	GlobalSection(SolutionProperties) = preSolution
		HideSolutionNode = FALSE
	EndGlobalSection
	GlobalSection(ExtensibilityGlobals) = postSolution
		SolutionGuid = {18D86EF9-36EF-4D8E-B080-8E3DE1F42577}
	EndGlobalSection
EndGlobal
